
Microsoft Visual Studio Solution File, Format Version 12.00
# Visual Studio Version 17
VisualStudioVersion = 17.14.36202.13
MinimumVisualStudioVersion = 10.0.40219.1
Project("{FAE04EC0-301F-11D3-BF4B-00C04F79EFBC}") = "PfsAPI", "PfsAPI\PfsAPI.csproj", "{084FFC54-8EC7-4323-A283-B9A0F8B53C79}"
EndProject
Project("{2150E333-8FDC-42A3-9474-1A3956D46DE8}") = "Presentations", "Presentations", "{02EA681E-C7D8-13C7-8484-4AC65E1B71E8}"
EndProject
Project("{2150E333-8FDC-42A3-9474-1A3956D46DE8}") = "Domain", "Domain", "{A49C0F0C-1490-46BA-A189-7D0B4A5E0E6C}"
EndProject
Project("{2150E333-8FDC-42A3-9474-1A3956D46DE8}") = "Infrastructure", "Infrastructure", "{03D5ED07-6771-4CB5-95B6-206152EAB923}"
EndProject
Project("{2150E333-8FDC-42A3-9474-1A3956D46DE8}") = "Shared", "Shared", "{303B7F8B-CEDE-4513-AB36-EB00C34AC472}"
EndProject
Project("{2150E333-8FDC-42A3-9474-1A3956D46DE8}") = "Applications", "Applications", "{F3505135-3C09-44DA-9111-A8AA384B703A}"
EndProject
Project("{FAE04EC0-301F-11D3-BF4B-00C04F79EFBC}") = "PfsDomain", "PfsDomain\PfsDomain\PfsDomain.csproj", "{0F4AF9B6-A391-45A1-941F-1CA955DFF88B}"
EndProject
Project("{FAE04EC0-301F-11D3-BF4B-00C04F79EFBC}") = "PfsInfrastructure", "PfsInfrastructure\PfsInfrastructure\PfsInfrastructure.csproj", "{37CA0491-2B94-4BE5-97B1-D281A48630F6}"
EndProject
Project("{FAE04EC0-301F-11D3-BF4B-00C04F79EFBC}") = "PfsShared", "PfsShared\PfsShared\PfsShared.csproj", "{B8E27EE0-5DD2-4FDE-9C1F-D48630DBE6C0}"
EndProject
Project("{FAE04EC0-301F-11D3-BF4B-00C04F79EFBC}") = "PfsApplications", "PfsApplications\PfsApplications\PfsApplications.csproj", "{EE5D289F-F898-4DEB-ABBF-1EC55C251987}"
EndProject
Global
	GlobalSection(SolutionConfigurationPlatforms) = preSolution
		Debug|Any CPU = Debug|Any CPU
		Release|Any CPU = Release|Any CPU
	EndGlobalSection
	GlobalSection(ProjectConfigurationPlatforms) = postSolution
		{084FFC54-8EC7-4323-A283-B9A0F8B53C79}.Debug|Any CPU.ActiveCfg = Debug|Any CPU
		{084FFC54-8EC7-4323-A283-B9A0F8B53C79}.Debug|Any CPU.Build.0 = Debug|Any CPU
		{084FFC54-8EC7-4323-A283-B9A0F8B53C79}.Release|Any CPU.ActiveCfg = Release|Any CPU
		{084FFC54-8EC7-4323-A283-B9A0F8B53C79}.Release|Any CPU.Build.0 = Release|Any CPU
		{0F4AF9B6-A391-45A1-941F-1CA955DFF88B}.Debug|Any CPU.ActiveCfg = Debug|Any CPU
		{0F4AF9B6-A391-45A1-941F-1CA955DFF88B}.Debug|Any CPU.Build.0 = Debug|Any CPU
		{0F4AF9B6-A391-45A1-941F-1CA955DFF88B}.Release|Any CPU.ActiveCfg = Release|Any CPU
		{0F4AF9B6-A391-45A1-941F-1CA955DFF88B}.Release|Any CPU.Build.0 = Release|Any CPU
		{37CA0491-2B94-4BE5-97B1-D281A48630F6}.Debug|Any CPU.ActiveCfg = Debug|Any CPU
		{37CA0491-2B94-4BE5-97B1-D281A48630F6}.Debug|Any CPU.Build.0 = Debug|Any CPU
		{37CA0491-2B94-4BE5-97B1-D281A48630F6}.Release|Any CPU.ActiveCfg = Release|Any CPU
		{37CA0491-2B94-4BE5-97B1-D281A48630F6}.Release|Any CPU.Build.0 = Release|Any CPU
		{B8E27EE0-5DD2-4FDE-9C1F-D48630DBE6C0}.Debug|Any CPU.ActiveCfg = Debug|Any CPU
		{B8E27EE0-5DD2-4FDE-9C1F-D48630DBE6C0}.Debug|Any CPU.Build.0 = Debug|Any CPU
		{B8E27EE0-5DD2-4FDE-9C1F-D48630DBE6C0}.Release|Any CPU.ActiveCfg = Release|Any CPU
		{B8E27EE0-5DD2-4FDE-9C1F-D48630DBE6C0}.Release|Any CPU.Build.0 = Release|Any CPU
		{EE5D289F-F898-4DEB-ABBF-1EC55C251987}.Debug|Any CPU.ActiveCfg = Debug|Any CPU
		{EE5D289F-F898-4DEB-ABBF-1EC55C251987}.Debug|Any CPU.Build.0 = Debug|Any CPU
		{EE5D289F-F898-4DEB-ABBF-1EC55C251987}.Release|Any CPU.ActiveCfg = Release|Any CPU
		{EE5D289F-F898-4DEB-ABBF-1EC55C251987}.Release|Any CPU.Build.0 = Release|Any CPU
	EndGlobalSection
	GlobalSection(SolutionProperties) = preSolution
		HideSolutionNode = FALSE
	EndGlobalSection
	GlobalSection(NestedProjects) = preSolution
		{084FFC54-8EC7-4323-A283-B9A0F8B53C79} = {02EA681E-C7D8-13C7-8484-4AC65E1B71E8}
		{0F4AF9B6-A391-45A1-941F-1CA955DFF88B} = {A49C0F0C-1490-46BA-A189-7D0B4A5E0E6C}
		{37CA0491-2B94-4BE5-97B1-D281A48630F6} = {03D5ED07-6771-4CB5-95B6-206152EAB923}
		{B8E27EE0-5DD2-4FDE-9C1F-D48630DBE6C0} = {303B7F8B-CEDE-4513-AB36-EB00C34AC472}
		{EE5D289F-F898-4DEB-ABBF-1EC55C251987} = {F3505135-3C09-44DA-9111-A8AA384B703A}
	EndGlobalSection
	GlobalSection(ExtensibilityGlobals) = postSolution
		SolutionGuid = {40F69ECE-07DB-4629-B7A3-A40463B8F501}
	EndGlobalSection
EndGlobal
